
Microsoft Visual Studio Solution File, Format Version 12.00
# Visual Studio Version 17
VisualStudioVersion = 17.11.35222.181
MinimumVisualStudioVersion = 10.0.40219.1
Project("{FAE04EC0-301F-11D3-BF4B-00C04F79EFBC}") = "Dragon-", "Dragon-\Dragon-.csproj", "{2BD788D5-1865-4011-AD4B-01414CA5E983}"
EndProject
Global
	GlobalSection(SolutionConfigurationPlatforms) = preSolution
		Debug|Any CPU = Debug|Any CPU
		Release|Any CPU = Release|Any CPU
	EndGlobalSection
	GlobalSection(ProjectConfigurationPlatforms) = postSolution
		{2BD788D5-1865-4011-AD4B-01414CA5E983}.Debug|Any CPU.ActiveCfg = Debug|Any CPU
		{2BD788D5-1865-4011-AD4B-01414CA5E983}.Debug|Any CPU.Build.0 = Debug|Any CPU
		{2BD788D5-1865-4011-AD4B-01414CA5E983}.Release|Any CPU.ActiveCfg = Release|Any CPU
		{2BD788D5-1865-4011-AD4B-01414CA5E983}.Release|Any CPU.Build.0 = Release|Any CPU
	EndGlobalSection
	GlobalSection(SolutionProperties) = preSolution
		HideSolutionNode = FALSE
	EndGlobalSection
	GlobalSection(ExtensibilityGlobals) = postSolution
		SolutionGuid = {8F0BE148-323F-4347-82DB-5FF1702C89C2}
	EndGlobalSection
EndGlobal
